
Microsoft Visual Studio Solution File, Format Version 12.00
# Visual Studio Version 17
VisualStudioVersion = 17.2.32602.215
MinimumVisualStudioVersion = 10.0.40219.1
Project("{FAE04EC0-301F-11D3-BF4B-00C04F79EFBC}") = "WeOwnAPI", "WeOwnAPI\WeOwnAPI.csproj", "{3DBAE3AF-40BD-4D08-B781-297D6A9DD54B}"
EndProject
Project("{FAE04EC0-301F-11D3-BF4B-00C04F79EFBC}") = "WeOwnDomain", "WeOwnDomain\WeOwnDomain.csproj", "{484741AD-052E-4F1D-BBBE-F11EC82DD88F}"
EndProject
Project("{FAE04EC0-301F-11D3-BF4B-00C04F79EFBC}") = "WeOwnApplication", "WeOwnApplication\WeOwnApplication.csproj", "{6A4305A1-A643-4450-BBD8-191DF29928AA}"
EndProject
Project("{FAE04EC0-301F-11D3-BF4B-00C04F79EFBC}") = "WeOwnInfra", "WeOwnInfra\WeOwnInfra.csproj", "{EB423596-9850-4957-A196-8DD60CF3E2EC}"
EndProject
Global
	GlobalSection(SolutionConfigurationPlatforms) = preSolution
		Debug|Any CPU = Debug|Any CPU
		Release|Any CPU = Release|Any CPU
	EndGlobalSection
	GlobalSection(ProjectConfigurationPlatforms) = postSolution
		{3DBAE3AF-40BD-4D08-B781-297D6A9DD54B}.Debug|Any CPU.ActiveCfg = Debug|Any CPU
		{3DBAE3AF-40BD-4D08-B781-297D6A9DD54B}.Debug|Any CPU.Build.0 = Debug|Any CPU
		{3DBAE3AF-40BD-4D08-B781-297D6A9DD54B}.Release|Any CPU.ActiveCfg = Release|Any CPU
		{3DBAE3AF-40BD-4D08-B781-297D6A9DD54B}.Release|Any CPU.Build.0 = Release|Any CPU
		{484741AD-052E-4F1D-BBBE-F11EC82DD88F}.Debug|Any CPU.ActiveCfg = Debug|Any CPU
		{484741AD-052E-4F1D-BBBE-F11EC82DD88F}.Debug|Any CPU.Build.0 = Debug|Any CPU
		{484741AD-052E-4F1D-BBBE-F11EC82DD88F}.Release|Any CPU.ActiveCfg = Release|Any CPU
		{484741AD-052E-4F1D-BBBE-F11EC82DD88F}.Release|Any CPU.Build.0 = Release|Any CPU
		{6A4305A1-A643-4450-BBD8-191DF29928AA}.Debug|Any CPU.ActiveCfg = Debug|Any CPU
		{6A4305A1-A643-4450-BBD8-191DF29928AA}.Debug|Any CPU.Build.0 = Debug|Any CPU
		{6A4305A1-A643-4450-BBD8-191DF29928AA}.Release|Any CPU.ActiveCfg = Release|Any CPU
		{6A4305A1-A643-4450-BBD8-191DF29928AA}.Release|Any CPU.Build.0 = Release|Any CPU
		{EB423596-9850-4957-A196-8DD60CF3E2EC}.Debug|Any CPU.ActiveCfg = Debug|Any CPU
		{EB423596-9850-4957-A196-8DD60CF3E2EC}.Debug|Any CPU.Build.0 = Debug|Any CPU
		{EB423596-9850-4957-A196-8DD60CF3E2EC}.Release|Any CPU.ActiveCfg = Release|Any CPU
		{EB423596-9850-4957-A196-8DD60CF3E2EC}.Release|Any CPU.Build.0 = Release|Any CPU
	EndGlobalSection
	GlobalSection(SolutionProperties) = preSolution
		HideSolutionNode = FALSE
	EndGlobalSection
	GlobalSection(ExtensibilityGlobals) = postSolution
		SolutionGuid = {0BA519E8-A190-4E84-9DFE-CF5B83B81CD8}
	EndGlobalSection
EndGlobal
